
Microsoft Visual Studio Solution File, Format Version 12.00
# Visual Studio Version 17
VisualStudioVersion = 17.0.32014.148
MinimumVisualStudioVersion = 10.0.40219.1
Project("{FAE04EC0-301F-11D3-BF4B-00C04F79EFBC}") = "ExercicioHeranca", "ExercicioHeranca\ExercicioHeranca.csproj", "{D70B7F16-E73B-4B75-88C3-D1AC60C69526}"
EndProject
Global
	GlobalSection(SolutionConfigurationPlatforms) = preSolution
		Debug|Any CPU = Debug|Any CPU
		Release|Any CPU = Release|Any CPU
	EndGlobalSection
	GlobalSection(ProjectConfigurationPlatforms) = postSolution
		{D70B7F16-E73B-4B75-88C3-D1AC60C69526}.Debug|Any CPU.ActiveCfg = Debug|Any CPU
		{D70B7F16-E73B-4B75-88C3-D1AC60C69526}.Debug|Any CPU.Build.0 = Debug|Any CPU
		{D70B7F16-E73B-4B75-88C3-D1AC60C69526}.Release|Any CPU.ActiveCfg = Release|Any CPU
		{D70B7F16-E73B-4B75-88C3-D1AC60C69526}.Release|Any CPU.Build.0 = Release|Any CPU
	EndGlobalSection
	GlobalSection(SolutionProperties) = preSolution
		HideSolutionNode = FALSE
	EndGlobalSection
	GlobalSection(ExtensibilityGlobals) = postSolution
		SolutionGuid = {33EB0142-55C8-4C78-AF63-AC0245F0F8F1}
	EndGlobalSection
EndGlobal
